{
    "_readme": [
        "This file locks the dependencies of your project to a known state",
        "Read more about it at https://getcomposer.org/doc/01-basic-usage.md#composer-lock-the-lock-file",
        "This file is @generated automatically"
    ],
    "hash": "ff32e48085625d5db639cd464e70317c",
    "content-hash": "dc73ed7e32f7b6e74c31b22eb47ba496",
    "packages": [
        {
            "name": "websharks/wp-php-rv",
            "version": "dev-master",
            "source": {
                "type": "git",
                "url": "https://github.com/websharks/wp-php-rv.git",
                "reference": "fabaf899f2fca37e79b3732422e32f7335d2c1d6"
            },
            "dist": {
                "type": "zip",
                "url": "https://api.github.com/repos/websharks/wp-php-rv/zipball/fabaf899f2fca37e79b3732422e32f7335d2c1d6",
                "reference": "fabaf899f2fca37e79b3732422e32f7335d2c1d6",
                "shasum": ""
            },
            "require": {
                "php": ">=5.2"
            },
            "type": "library",
            "notification-url": "https://packagist.org/downloads/",
            "license": [
                "GPL-3.0+"
            ],
            "authors": [
                {
                    "name": "websharks",
                    "homepage": "http://websharks-inc.com/",
                    "role": "company"
                },
                {
                    "name": "jaswsinc",
                    "homepage": "http://jaswsinc.com/",
                    "role": "developer"
                },
                {
                    "name": "raamdev",
                    "homepage": "http://raam.org/",
                    "role": "developer"
                }
            ],
            "description": "Stub for WordPress themes/plugins that require PHP vX.x+.",
            "homepage": "https://github.com/websharks/wp-php-rv",
            "keywords": [
                "php",
                "websharks",
                "wordpress"
            ],
            "time": "2016-04-20 14:30:22"
        },
        {
            "name": "websharks/wp-sharks-core-rv",
            "version": "dev-master",
            "source": {
                "type": "git",
                "url": "https://github.com/websharks/wp-sharks-core-rv.git",
                "reference": "f3c82dc8964ea1addf140a8bf2d5dbce82e375c2"
            },
            "dist": {
                "type": "zip",
                "url": "https://api.github.com/repos/websharks/wp-sharks-core-rv/zipball/f3c82dc8964ea1addf140a8bf2d5dbce82e375c2",
                "reference": "f3c82dc8964ea1addf140a8bf2d5dbce82e375c2",
                "shasum": ""
            },
            "require": {
                "php": ">=7.0.4"
            },
            "type": "library",
            "notification-url": "https://packagist.org/downloads/",
            "license": [
                "GPL-3.0+"
            ],
            "authors": [
                {
                    "name": "websharks",
                    "homepage": "http://websharks-inc.com/",
                    "role": "company"
                },
                {
                    "name": "jaswsinc",
                    "homepage": "http://jaswsinc.com/",
                    "role": "developer"
                },
                {
                    "name": "raamdev",
                    "homepage": "http://raam.org/",
                    "role": "developer"
                }
            ],
            "description": "Stub for WordPress themes/plugins that require the WP Sharks™ Core.",
            "homepage": "https://github.com/websharks/wp-sharks-core-rv",
            "keywords": [
                "websharks",
                "wordpress",
                "wp sharks"
            ],
            "time": "2016-04-21 05:25:31"
        }
    ],
    "packages-dev": [
        {
            "name": "package/bourbon",
            "version": "4.2.3",
            "dist": {
                "type": "zip",
                "url": "https://github.com/thoughtbot/bourbon/releases/download/v4.2.3/bourbon-v4.2.3.zip",
                "reference": null,
                "shasum": null
            },
            "type": "library"
        }
    ],
    "aliases": [],
    "minimum-stability": "dev",
    "stability-flags": {
        "websharks/wp-php-rv": 20,
        "websharks/wp-sharks-core-rv": 20
    },
    "prefer-stable": true,
    "prefer-lowest": false,
    "platform": {
        "php": ">=7.0.4"
    },
    "platform-dev": []
}
